// !$*UTF8*$!
{
	archiveVersion = 1;
	classes = {
	};
	objectVersion = 56;
	objects = {

/* Begin PBXBuildFile section */
		18C7D28345B4F2045D6929F7 /* Pods_MyExpenses.framework in Frameworks */ = {isa = PBXBuildFile; fileRef = BDFA6384754E6FF3588ECF7F /* Pods_MyExpenses.framework */; };
		B01062DD2988031800AA5DB4 /* AppDelegate.swift in Sources */ = {isa = PBXBuildFile; fileRef = B01062DC2988031800AA5DB4 /* AppDelegate.swift */; };
		B01062DF2988031800AA5DB4 /* SceneDelegate.swift in Sources */ = {isa = PBXBuildFile; fileRef = B01062DE2988031800AA5DB4 /* SceneDelegate.swift */; };
		B01062E12988031800AA5DB4 /* ViewController.swift in Sources */ = {isa = PBXBuildFile; fileRef = B01062E02988031800AA5DB4 /* ViewController.swift */; };
		B01062E72988031900AA5DB4 /* MyExpenses.xcdatamodeld in Sources */ = {isa = PBXBuildFile; fileRef = B01062E52988031900AA5DB4 /* MyExpenses.xcdatamodeld */; };
		B01062E92988032100AA5DB4 /* Assets.xcassets in Resources */ = {isa = PBXBuildFile; fileRef = B01062E82988032100AA5DB4 /* Assets.xcassets */; };
		B01062EC2988032100AA5DB4 /* LaunchScreen.storyboard in Resources */ = {isa = PBXBuildFile; fileRef = B01062EA2988032100AA5DB4 /* LaunchScreen.storyboard */; };
		B01062F429881AF800AA5DB4 /* MainViewController.swift in Sources */ = {isa = PBXBuildFile; fileRef = B01062F329881AF800AA5DB4 /* MainViewController.swift */; };
		B01062F629896DFF00AA5DB4 /* SettingsViewController.swift in Sources */ = {isa = PBXBuildFile; fileRef = B01062F529896DFF00AA5DB4 /* SettingsViewController.swift */; };
		B01062F8298AB06200AA5DB4 /* NewExpensesViewController.swift in Sources */ = {isa = PBXBuildFile; fileRef = B01062F7298AB06200AA5DB4 /* NewExpensesViewController.swift */; };
		B091CD342990E6A0004938B9 /* ExpensesViewCell.swift in Sources */ = {isa = PBXBuildFile; fileRef = B091CD332990E6A0004938B9 /* ExpensesViewCell.swift */; };
/* End PBXBuildFile section */

/* Begin PBXFileReference section */
		48B1362B5CF09D707CC1FC81 /* Pods-MyExpenses.debug.xcconfig */ = {isa = PBXFileReference; includeInIndex = 1; lastKnownFileType = text.xcconfig; name = "Pods-MyExpenses.debug.xcconfig"; path = "Target Support Files/Pods-MyExpenses/Pods-MyExpenses.debug.xcconfig"; sourceTree = "<group>"; };
		B01062D92988031800AA5DB4 /* MyExpenses.app */ = {isa = PBXFileReference; explicitFileType = wrapper.application; includeInIndex = 0; path = MyExpenses.app; sourceTree = BUILT_PRODUCTS_DIR; };
		B01062DC2988031800AA5DB4 /* AppDelegate.swift */ = {isa = PBXFileReference; lastKnownFileType = sourcecode.swift; path = AppDelegate.swift; sourceTree = "<group>"; };
		B01062DE2988031800AA5DB4 /* SceneDelegate.swift */ = {isa = PBXFileReference; lastKnownFileType = sourcecode.swift; path = SceneDelegate.swift; sourceTree = "<group>"; };
		B01062E02988031800AA5DB4 /* ViewController.swift */ = {isa = PBXFileReference; lastKnownFileType = sourcecode.swift; path = ViewController.swift; sourceTree = "<group>"; };
		B01062E62988031900AA5DB4 /* MyExpenses.xcdatamodel */ = {isa = PBXFileReference; lastKnownFileType = wrapper.xcdatamodel; path = MyExpenses.xcdatamodel; sourceTree = "<group>"; };
		B01062E82988032100AA5DB4 /* Assets.xcassets */ = {isa = PBXFileReference; lastKnownFileType = folder.assetcatalog; path = Assets.xcassets; sourceTree = "<group>"; };
		B01062EB2988032100AA5DB4 /* Base */ = {isa = PBXFileReference; lastKnownFileType = file.storyboard; name = Base; path = Base.lproj/LaunchScreen.storyboard; sourceTree = "<group>"; };
		B01062ED2988032100AA5DB4 /* Info.plist */ = {isa = PBXFileReference; lastKnownFileType = text.plist.xml; path = Info.plist; sourceTree = "<group>"; };
		B01062F329881AF800AA5DB4 /* MainViewController.swift */ = {isa = PBXFileReference; lastKnownFileType = sourcecode.swift; path = MainViewController.swift; sourceTree = "<group>"; };
		B01062F529896DFF00AA5DB4 /* SettingsViewController.swift */ = {isa = PBXFileReference; lastKnownFileType = sourcecode.swift; path = SettingsViewController.swift; sourceTree = "<group>"; };
		B01062F7298AB06200AA5DB4 /* NewExpensesViewController.swift */ = {isa = PBXFileReference; lastKnownFileType = sourcecode.swift; path = NewExpensesViewController.swift; sourceTree = "<group>"; };
		B091CD332990E6A0004938B9 /* ExpensesViewCell.swift */ = {isa = PBXFileReference; lastKnownFileType = sourcecode.swift; path = ExpensesViewCell.swift; sourceTree = "<group>"; };
		BDFA6384754E6FF3588ECF7F /* Pods_MyExpenses.framework */ = {isa = PBXFileReference; explicitFileType = wrapper.framework; includeInIndex = 0; path = Pods_MyExpenses.framework; sourceTree = BUILT_PRODUCTS_DIR; };
		E30AFE6EEC1EFE33A9D8531C /* Pods-MyExpenses.release.xcconfig */ = {isa = PBXFileReference; includeInIndex = 1; lastKnownFileType = text.xcconfig; name = "Pods-MyExpenses.release.xcconfig"; path = "Target Support Files/Pods-MyExpenses/Pods-MyExpenses.release.xcconfig"; sourceTree = "<group>"; };
/* End PBXFileReference section */

/* Begin PBXFrameworksBuildPhase section */
		B01062D62988031800AA5DB4 /* Frameworks */ = {
			isa = PBXFrameworksBuildPhase;
			buildActionMask = 2147483647;
			files = (
				18C7D28345B4F2045D6929F7 /* Pods_MyExpenses.framework in Frameworks */,
			);
			runOnlyForDeploymentPostprocessing = 0;
		};
/* End PBXFrameworksBuildPhase section */

/* Begin PBXGroup section */
		0404CF7E86C037F0D4A7F5ED /* Pods */ = {
			isa = PBXGroup;
			children = (
				48B1362B5CF09D707CC1FC81 /* Pods-MyExpenses.debug.xcconfig */,
				E30AFE6EEC1EFE33A9D8531C /* Pods-MyExpenses.release.xcconfig */,
			);
			path = Pods;
			sourceTree = "<group>";
		};
		40EF9DA3AD26F8F56D4EE1A8 /* Frameworks */ = {
			isa = PBXGroup;
			children = (
				BDFA6384754E6FF3588ECF7F /* Pods_MyExpenses.framework */,
			);
			name = Frameworks;
			sourceTree = "<group>";
		};
		B01062D02988031800AA5DB4 = {
			isa = PBXGroup;
			children = (
				B01062DB2988031800AA5DB4 /* MyExpenses */,
				B01062DA2988031800AA5DB4 /* Products */,
				0404CF7E86C037F0D4A7F5ED /* Pods */,
				40EF9DA3AD26F8F56D4EE1A8 /* Frameworks */,
			);
			sourceTree = "<group>";
		};
		B01062DA2988031800AA5DB4 /* Products */ = {
			isa = PBXGroup;
			children = (
				B01062D92988031800AA5DB4 /* MyExpenses.app */,
			);
			name = Products;
			sourceTree = "<group>";
		};
		B01062DB2988031800AA5DB4 /* MyExpenses */ = {
			isa = PBXGroup;
			children = (
				B01062DC2988031800AA5DB4 /* AppDelegate.swift */,
				B01062F529896DFF00AA5DB4 /* SettingsViewController.swift */,
				B01062DE2988031800AA5DB4 /* SceneDelegate.swift */,
				B01062E02988031800AA5DB4 /* ViewController.swift */,
				B01062E82988032100AA5DB4 /* Assets.xcassets */,
				B01062EA2988032100AA5DB4 /* LaunchScreen.storyboard */,
				B01062ED2988032100AA5DB4 /* Info.plist */,
				B01062E52988031900AA5DB4 /* MyExpenses.xcdatamodeld */,
				B01062F329881AF800AA5DB4 /* MainViewController.swift */,
				B01062F7298AB06200AA5DB4 /* NewExpensesViewController.swift */,
				B091CD332990E6A0004938B9 /* ExpensesViewCell.swift */,
			);
			path = MyExpenses;
			sourceTree = "<group>";
		};
/* End PBXGroup section */

/* Begin PBXNativeTarget section */
		B01062D82988031800AA5DB4 /* MyExpenses */ = {
			isa = PBXNativeTarget;
			buildConfigurationList = B01062F02988032100AA5DB4 /* Build configuration list for PBXNativeTarget "MyExpenses" */;
			buildPhases = (
				CDAA87E5EC46664369E6AE1B /* [CP] Check Pods Manifest.lock */,
				B01062D52988031800AA5DB4 /* Sources */,
				B01062D62988031800AA5DB4 /* Frameworks */,
				B01062D72988031800AA5DB4 /* Resources */,
				52ED4DA3174B28CE944F08C2 /* [CP] Embed Pods Frameworks */,
			);
			buildRules = (
			);
			dependencies = (
			);
			name = MyExpenses;
			productName = MyExpenses;
			productReference = B01062D92988031800AA5DB4 /* MyExpenses.app */;
			productType = "com.apple.product-type.application";
		};
/* End PBXNativeTarget section */

/* Begin PBXProject section */
		B01062D12988031800AA5DB4 /* Project object */ = {
			isa = PBXProject;
			attributes = {
				BuildIndependentTargetsInParallel = 1;
				LastSwiftUpdateCheck = 1420;
				LastUpgradeCheck = 1420;
				TargetAttributes = {
					B01062D82988031800AA5DB4 = {
						CreatedOnToolsVersion = 14.2;
					};
				};
			};
			buildConfigurationList = B01062D42988031800AA5DB4 /* Build configuration list for PBXProject "MyExpenses" */;
			compatibilityVersion = "Xcode 14.0";
			developmentRegion = en;
			hasScannedForEncodings = 0;
			knownRegions = (
				en,
				Base,
			);
			mainGroup = B01062D02988031800AA5DB4;
			productRefGroup = B01062DA2988031800AA5DB4 /* Products */;
			projectDirPath = "";
			projectRoot = "";
			targets = (
				B01062D82988031800AA5DB4 /* MyExpenses */,
			);
		};
/* End PBXProject section */

/* Begin PBXResourcesBuildPhase section */
		B01062D72988031800AA5DB4 /* Resources */ = {
			isa = PBXResourcesBuildPhase;
			buildActionMask = 2147483647;
			files = (
				B01062EC2988032100AA5DB4 /* LaunchScreen.storyboard in Resources */,
				B01062E92988032100AA5DB4 /* Assets.xcassets in Resources */,
			);
			runOnlyForDeploymentPostprocessing = 0;
		};
/* End PBXResourcesBuildPhase section */

/* Begin PBXShellScriptBuildPhase section */
		52ED4DA3174B28CE944F08C2 /* [CP] Embed Pods Frameworks */ = {
			isa = PBXShellScriptBuildPhase;
			buildActionMask = 2147483647;
			files = (
			);
			inputFileListPaths = (
				"${PODS_ROOT}/Target Support Files/Pods-MyExpenses/Pods-MyExpenses-frameworks-${CONFIGURATION}-input-files.xcfilelist",
			);
			name = "[CP] Embed Pods Frameworks";
			outputFileListPaths = (
				"${PODS_ROOT}/Target Support Files/Pods-MyExpenses/Pods-MyExpenses-frameworks-${CONFIGURATION}-output-files.xcfilelist",
			);
			runOnlyForDeploymentPostprocessing = 0;
			shellPath = /bin/sh;
			shellScript = "\"${PODS_ROOT}/Target Support Files/Pods-MyExpenses/Pods-MyExpenses-frameworks.sh\"\n";
			showEnvVarsInLog = 0;
		};
		CDAA87E5EC46664369E6AE1B /* [CP] Check Pods Manifest.lock */ = {
			isa = PBXShellScriptBuildPhase;
			buildActionMask = 2147483647;
			files = (
			);
			inputFileListPaths = (
			);
			inputPaths = (
				"${PODS_PODFILE_DIR_PATH}/Podfile.lock",
				"${PODS_ROOT}/Manifest.lock",
			);
			name = "[CP] Check Pods Manifest.lock";
			outputFileListPaths = (
			);
			outputPaths = (
				"$(DERIVED_FILE_DIR)/Pods-MyExpenses-checkManifestLockResult.txt",
			);
			runOnlyForDeploymentPostprocessing = 0;
			shellPath = /bin/sh;
			shellScript = "diff \"${PODS_PODFILE_DIR_PATH}/Podfile.lock\" \"${PODS_ROOT}/Manifest.lock\" > /dev/null\nif [ $? != 0 ] ; then\n    # print error to STDERR\n    echo \"error: The sandbox is not in sync with the Podfile.lock. Run 'pod install' or update your CocoaPods installation.\" >&2\n    exit 1\nfi\n# This output is used by Xcode 'outputs' to avoid re-running this script phase.\necho \"SUCCESS\" > \"${SCRIPT_OUTPUT_FILE_0}\"\n";
			showEnvVarsInLog = 0;
		};
/* End PBXShellScriptBuildPhase section */

/* Begin PBXSourcesBuildPhase section */
		B01062D52988031800AA5DB4 /* Sources */ = {
			isa = PBXSourcesBuildPhase;
			buildActionMask = 2147483647;
			files = (
				B01062E72988031900AA5DB4 /* MyExpenses.xcdatamodeld in Sources */,
				B01062F8298AB06200AA5DB4 /* NewExpensesViewController.swift in Sources */,
				B01062E12988031800AA5DB4 /* ViewController.swift in Sources */,
				B01062DD2988031800AA5DB4 /* AppDelegate.swift in Sources */,
				B01062DF2988031800AA5DB4 /* SceneDelegate.swift in Sources */,
				B01062F429881AF800AA5DB4 /* MainViewController.swift in Sources */,
				B01062F629896DFF00AA5DB4 /* SettingsViewController.swift in Sources */,
				B091CD342990E6A0004938B9 /* ExpensesViewCell.swift in Sources */,
			);
			runOnlyForDeploymentPostprocessing = 0;
		};
/* End PBXSourcesBuildPhase section */

/* Begin PBXVariantGroup section */
		B01062EA2988032100AA5DB4 /* LaunchScreen.storyboard */ = {
			isa = PBXVariantGroup;
			children = (
				B01062EB2988032100AA5DB4 /* Base */,
			);
			name = LaunchScreen.storyboard;
			sourceTree = "<group>";
		};
/* End PBXVariantGroup section */

/* Begin XCBuildConfiguration section */
		B01062EE2988032100AA5DB4 /* Debug */ = {
			isa = XCBuildConfiguration;
			buildSettings = {
				ALWAYS_SEARCH_USER_PATHS = NO;
				CLANG_ANALYZER_NONNULL = YES;
				CLANG_ANALYZER_NUMBER_OBJECT_CONVERSION = YES_AGGRESSIVE;
				CLANG_CXX_LANGUAGE_STANDARD = "gnu++20";
				CLANG_ENABLE_MODULES = YES;
				CLANG_ENABLE_OBJC_ARC = YES;
				CLANG_ENABLE_OBJC_WEAK = YES;
				CLANG_WARN_BLOCK_CAPTURE_AUTORELEASING = YES;
				CLANG_WARN_BOOL_CONVERSION = YES;
				CLANG_WARN_COMMA = YES;
				CLANG_WARN_CONSTANT_CONVERSION = YES;
				CLANG_WARN_DEPRECATED_OBJC_IMPLEMENTATIONS = YES;
				CLANG_WARN_DIRECT_OBJC_ISA_USAGE = YES_ERROR;
				CLANG_WARN_DOCUMENTATION_COMMENTS = YES;
				CLANG_WARN_EMPTY_BODY = YES;
				CLANG_WARN_ENUM_CONVERSION = YES;
				CLANG_WARN_INFINITE_RECURSION = YES;
				CLANG_WARN_INT_CONVERSION = YES;
				CLANG_WARN_NON_LITERAL_NULL_CONVERSION = YES;
				CLANG_WARN_OBJC_IMPLICIT_RETAIN_SELF = YES;
				CLANG_WARN_OBJC_LITERAL_CONVERSION = YES;
				CLANG_WARN_OBJC_ROOT_CLASS = YES_ERROR;
				CLANG_WARN_QUOTED_INCLUDE_IN_FRAMEWORK_HEADER = YES;
				CLANG_WARN_RANGE_LOOP_ANALYSIS = YES;
				CLANG_WARN_STRICT_PROTOTYPES = YES;
				CLANG_WARN_SUSPICIOUS_MOVE = YES;
				CLANG_WARN_UNGUARDED_AVAILABILITY = YES_AGGRESSIVE;
				CLANG_WARN_UNREACHABLE_CODE = YES;
				CLANG_WARN__DUPLICATE_METHOD_MATCH = YES;
				COPY_PHASE_STRIP = NO;
				DEBUG_INFORMATION_FORMAT = dwarf;
				ENABLE_STRICT_OBJC_MSGSEND = YES;
				ENABLE_TESTABILITY = YES;
				GCC_C_LANGUAGE_STANDARD = gnu11;
				GCC_DYNAMIC_NO_PIC = NO;
				GCC_NO_COMMON_BLOCKS = YES;
				GCC_OPTIMIZATION_LEVEL = 0;
				GCC_PREPROCESSOR_DEFINITIONS = (
					"DEBUG=1",
					"$(inherited)",
				);
				GCC_WARN_64_TO_32_BIT_CONVERSION = YES;
				GCC_WARN_ABOUT_RETURN_TYPE = YES_ERROR;
				GCC_WARN_UNDECLARED_SELECTOR = YES;
				GCC_WARN_UNINITIALIZED_AUTOS = YES_AGGRESSIVE;
				GCC_WARN_UNUSED_FUNCTION = YES;
				GCC_WARN_UNUSED_VARIABLE = YES;
				IPHONEOS_DEPLOYMENT_TARGET = 16.2;
				MTL_ENABLE_DEBUG_INFO = INCLUDE_SOURCE;
				MTL_FAST_MATH = YES;
				ONLY_ACTIVE_ARCH = YES;
				SDKROOT = iphoneos;
				SWIFT_ACTIVE_COMPILATION_CONDITIONS = DEBUG;
				SWIFT_OPTIMIZATION_LEVEL = "-Onone";
			};
			name = Debug;
		};
		B01062EF2988032100AA5DB4 /* Release */ = {
			isa = XCBuildConfiguration;
			buildSettings = {
				ALWAYS_SEARCH_USER_PATHS = NO;
				CLANG_ANALYZER_NONNULL = YES;
				CLANG_ANALYZER_NUMBER_OBJECT_CONVERSION = YES_AGGRESSIVE;
				CLANG_CXX_LANGUAGE_STANDARD = "gnu++20";
				CLANG_ENABLE_MODULES = YES;
				CLANG_ENABLE_OBJC_ARC = YES;
				CLANG_ENABLE_OBJC_WEAK = YES;
				CLANG_WARN_BLOCK_CAPTURE_AUTORELEASING = YES;
				CLANG_WARN_BOOL_CONVERSION = YES;
				CLANG_WARN_COMMA = YES;
				CLANG_WARN_CONSTANT_CONVERSION = YES;
				CLANG_WARN_DEPRECATED_OBJC_IMPLEMENTATIONS = YES;
				CLANG_WARN_DIRECT_OBJC_ISA_USAGE = YES_ERROR;
				CLANG_WARN_DOCUMENTATION_COMMENTS = YES;
				CLANG_WARN_EMPTY_BODY = YES;
				CLANG_WARN_ENUM_CONVERSION = YES;
				CLANG_WARN_INFINITE_RECURSION = YES;
				CLANG_WARN_INT_CONVERSION = YES;
				CLANG_WARN_NON_LITERAL_NULL_CONVERSION = YES;
				CLANG_WARN_OBJC_IMPLICIT_RETAIN_SELF = YES;
				CLANG_WARN_OBJC_LITERAL_CONVERSION = YES;
				CLANG_WARN_OBJC_ROOT_CLASS = YES_ERROR;
				CLANG_WARN_QUOTED_INCLUDE_IN_FRAMEWORK_HEADER = YES;
				CLANG_WARN_RANGE_LOOP_ANALYSIS = YES;
				CLANG_WARN_STRICT_PROTOTYPES = YES;
				CLANG_WARN_SUSPICIOUS_MOVE = YES;
				CLANG_WARN_UNGUARDED_AVAILABILITY = YES_AGGRESSIVE;
				CLANG_WARN_UNREACHABLE_CODE = YES;
				CLANG_WARN__DUPLICATE_METHOD_MATCH = YES;
				COPY_PHASE_STRIP = NO;
				DEBUG_INFORMATION_FORMAT = "dwarf-with-dsym";
				ENABLE_NS_ASSERTIONS = NO;
				ENABLE_STRICT_OBJC_MSGSEND = YES;
				GCC_C_LANGUAGE_STANDARD = gnu11;
				GCC_NO_COMMON_BLOCKS = YES;
				GCC_WARN_64_TO_32_BIT_CONVERSION = YES;
				GCC_WARN_ABOUT_RETURN_TYPE = YES_ERROR;
				GCC_WARN_UNDECLARED_SELECTOR = YES;
				GCC_WARN_UNINITIALIZED_AUTOS = YES_AGGRESSIVE;
				GCC_WARN_UNUSED_FUNCTION = YES;
				GCC_WARN_UNUSED_VARIABLE = YES;
				IPHONEOS_DEPLOYMENT_TARGET = 16.2;
				MTL_ENABLE_DEBUG_INFO = NO;
				MTL_FAST_MATH = YES;
				SDKROOT = iphoneos;
				SWIFT_COMPILATION_MODE = wholemodule;
				SWIFT_OPTIMIZATION_LEVEL = "-O";
				VALIDATE_PRODUCT = YES;
			};
			name = Release;
		};
		B01062F12988032100AA5DB4 /* Debug */ = {
			isa = XCBuildConfiguration;
			baseConfigurationReference = 48B1362B5CF09D707CC1FC81 /* Pods-MyExpenses.debug.xcconfig */;
			buildSettings = {
				ASSETCATALOG_COMPILER_APPICON_NAME = AppIcon;
				ASSETCATALOG_COMPILER_GLOBAL_ACCENT_COLOR_NAME = AccentColor;
				CODE_SIGN_STYLE = Automatic;
				CURRENT_PROJECT_VERSION = 1;
				GENERATE_INFOPLIST_FILE = YES;
				INFOPLIST_FILE = MyExpenses/Info.plist;
				INFOPLIST_KEY_UIApplicationSupportsIndirectInputEvents = YES;
				INFOPLIST_KEY_UILaunchStoryboardName = LaunchScreen;
				INFOPLIST_KEY_UISupportedInterfaceOrientations_iPad = "UIInterfaceOrientationPortrait UIInterfaceOrientationPortraitUpsideDown UIInterfaceOrientationLandscapeLeft UIInterfaceOrientationLandscapeRight";
				INFOPLIST_KEY_UISupportedInterfaceOrientations_iPhone = "UIInterfaceOrientationPortrait UIInterfaceOrientationLandscapeLeft UIInterfaceOrientationLandscapeRight";
				LD_RUNPATH_SEARCH_PATHS = (
					"$(inherited)",
					"@executable_path/Frameworks",
				);
				MARKETING_VERSION = 1.0;
				PRODUCT_BUNDLE_IDENTIFIER = com.toanio.MyExpenses;
				PRODUCT_NAME = "$(TARGET_NAME)";
				SWIFT_EMIT_LOC_STRINGS = YES;
				SWIFT_VERSION = 5.0;
				TARGETED_DEVICE_FAMILY = "1,2";
			};
			name = Debug;
		};
		B01062F22988032100AA5DB4 /* Release */ = {
			isa = XCBuildConfiguration;
			baseConfigurationReference = E30AFE6EEC1EFE33A9D8531C /* Pods-MyExpenses.release.xcconfig */;
			buildSettings = {
				ASSETCATALOG_COMPILER_APPICON_NAME = AppIcon;
				ASSETCATALOG_COMPILER_GLOBAL_ACCENT_COLOR_NAME = AccentColor;
				CODE_SIGN_STYLE = Automatic;
				CURRENT_PROJECT_VERSION = 1;
				GENERATE_INFOPLIST_FILE = YES;
				INFOPLIST_FILE = MyExpenses/Info.plist;
				INFOPLIST_KEY_UIApplicationSupportsIndirectInputEvents = YES;
				INFOPLIST_KEY_UILaunchStoryboardName = LaunchScreen;
				INFOPLIST_KEY_UISupportedInterfaceOrientations_iPad = "UIInterfaceOrientationPortrait UIInterfaceOrientationPortraitUpsideDown UIInterfaceOrientationLandscapeLeft UIInterfaceOrientationLandscapeRight";
				INFOPLIST_KEY_UISupportedInterfaceOrientations_iPhone = "UIInterfaceOrientationPortrait UIInterfaceOrientationLandscapeLeft UIInterfaceOrientationLandscapeRight";
				LD_RUNPATH_SEARCH_PATHS = (
					"$(inherited)",
					"@executable_path/Frameworks",
				);
				MARKETING_VERSION = 1.0;
				PRODUCT_BUNDLE_IDENTIFIER = com.toanio.MyExpenses;
				PRODUCT_NAME = "$(TARGET_NAME)";
				SWIFT_EMIT_LOC_STRINGS = YES;
				SWIFT_VERSION = 5.0;
				TARGETED_DEVICE_FAMILY = "1,2";
			};
			name = Release;
		};
/* End XCBuildConfiguration section */

/* Begin XCConfigurationList section */
		B01062D42988031800AA5DB4 /* Build configuration list for PBXProject "MyExpenses" */ = {
			isa = XCConfigurationList;
			buildConfigurations = (
				B01062EE2988032100AA5DB4 /* Debug */,
				B01062EF2988032100AA5DB4 /* Release */,
			);
			defaultConfigurationIsVisible = 0;
			defaultConfigurationName = Release;
		};
		B01062F02988032100AA5DB4 /* Build configuration list for PBXNativeTarget "MyExpenses" */ = {
			isa = XCConfigurationList;
			buildConfigurations = (
				B01062F12988032100AA5DB4 /* Debug */,
				B01062F22988032100AA5DB4 /* Release */,
			);
			defaultConfigurationIsVisible = 0;
			defaultConfigurationName = Release;
		};
/* End XCConfigurationList section */

/* Begin XCVersionGroup section */
		B01062E52988031900AA5DB4 /* MyExpenses.xcdatamodeld */ = {
			isa = XCVersionGroup;
			children = (
				B01062E62988031900AA5DB4 /* MyExpenses.xcdatamodel */,
			);
			currentVersion = B01062E62988031900AA5DB4 /* MyExpenses.xcdatamodel */;
			path = MyExpenses.xcdatamodeld;
			sourceTree = "<group>";
			versionGroupType = wrapper.xcdatamodel;
		};
/* End XCVersionGroup section */
	};
	rootObject = B01062D12988031800AA5DB4 /* Project object */;
}
